// !$*UTF8*$!
{
	archiveVersion = 1;
	classes = {
	};
	objectVersion = 56;
	objects = {

/* Begin PBXBuildFile section */
		1402742965082AD3ED6355F3 /* Pods_CarZoneProject_CarZoneProjectUITests.framework in Frameworks */ = {isa = PBXBuildFile; fileRef = A9C6473F730192C9A3CF5E92 /* Pods_CarZoneProject_CarZoneProjectUITests.framework */; };
		350E8608295B14430010B24A /* OnBording.storyboard in Resources */ = {isa = PBXBuildFile; fileRef = 350E8607295B14430010B24A /* OnBording.storyboard */; };
		350E860D295B27E80010B24A /* Tire.json in Resources */ = {isa = PBXBuildFile; fileRef = 350E860C295B27E80010B24A /* Tire.json */; };
		356B97CE29571B6000F0F96D /* AppDelegate.swift in Sources */ = {isa = PBXBuildFile; fileRef = 356B97CD29571B6000F0F96D /* AppDelegate.swift */; };
		356B97D029571B6000F0F96D /* SceneDelegate.swift in Sources */ = {isa = PBXBuildFile; fileRef = 356B97CF29571B6000F0F96D /* SceneDelegate.swift */; };
		356B97D229571B6000F0F96D /* ViewController.swift in Sources */ = {isa = PBXBuildFile; fileRef = 356B97D129571B6000F0F96D /* ViewController.swift */; };
		356B97D529571B6000F0F96D /* Main.storyboard in Resources */ = {isa = PBXBuildFile; fileRef = 356B97D329571B6000F0F96D /* Main.storyboard */; };
		356B97D729571B6200F0F96D /* Assets.xcassets in Resources */ = {isa = PBXBuildFile; fileRef = 356B97D629571B6200F0F96D /* Assets.xcassets */; };
		356B97DA29571B6200F0F96D /* LaunchScreen.storyboard in Resources */ = {isa = PBXBuildFile; fileRef = 356B97D829571B6200F0F96D /* LaunchScreen.storyboard */; };
		356B97E529571B6300F0F96D /* CarZoneProjectTests.swift in Sources */ = {isa = PBXBuildFile; fileRef = 356B97E429571B6300F0F96D /* CarZoneProjectTests.swift */; };
		356B97EF29571B6300F0F96D /* CarZoneProjectUITests.swift in Sources */ = {isa = PBXBuildFile; fileRef = 356B97EE29571B6300F0F96D /* CarZoneProjectUITests.swift */; };
		356B97F129571B6300F0F96D /* CarZoneProjectUITestsLaunchTests.swift in Sources */ = {isa = PBXBuildFile; fileRef = 356B97F029571B6300F0F96D /* CarZoneProjectUITestsLaunchTests.swift */; };
		35F0141D29572449006DA6D2 /* Home.storyboard in Resources */ = {isa = PBXBuildFile; fileRef = 35F0141C29572449006DA6D2 /* Home.storyboard */; };
		42D40694C63F8D9EF7E3FCAF /* Pods_CarZoneProject.framework in Frameworks */ = {isa = PBXBuildFile; fileRef = BF07DF9690B4E8F52A91F196 /* Pods_CarZoneProject.framework */; };
		63DE838DC9ED5B3996F6DA90 /* Pods_CarZoneProjectTests.framework in Frameworks */ = {isa = PBXBuildFile; fileRef = B8F70B91B0199B63A59B252A /* Pods_CarZoneProjectTests.framework */; };
/* End PBXBuildFile section */

/* Begin PBXContainerItemProxy section */
		356B97E129571B6300F0F96D /* PBXContainerItemProxy */ = {
			isa = PBXContainerItemProxy;
			containerPortal = 356B97C229571B6000F0F96D /* Project object */;
			proxyType = 1;
			remoteGlobalIDString = 356B97C929571B6000F0F96D;
			remoteInfo = CarZoneProject;
		};
		356B97EB29571B6300F0F96D /* PBXContainerItemProxy */ = {
			isa = PBXContainerItemProxy;
			containerPortal = 356B97C229571B6000F0F96D /* Project object */;
			proxyType = 1;
			remoteGlobalIDString = 356B97C929571B6000F0F96D;
			remoteInfo = CarZoneProject;
		};
/* End PBXContainerItemProxy section */

/* Begin PBXFileReference section */
		350E8607295B14430010B24A /* OnBording.storyboard */ = {isa = PBXFileReference; lastKnownFileType = file.storyboard; path = OnBording.storyboard; sourceTree = "<group>"; };
		350E860C295B27E80010B24A /* Tire.json */ = {isa = PBXFileReference; fileEncoding = 4; lastKnownFileType = text.json; path = Tire.json; sourceTree = "<group>"; };
		356B97CA29571B6000F0F96D /* CarZoneProject.app */ = {isa = PBXFileReference; explicitFileType = wrapper.application; includeInIndex = 0; path = CarZoneProject.app; sourceTree = BUILT_PRODUCTS_DIR; };
		356B97CD29571B6000F0F96D /* AppDelegate.swift */ = {isa = PBXFileReference; lastKnownFileType = sourcecode.swift; path = AppDelegate.swift; sourceTree = "<group>"; };
		356B97CF29571B6000F0F96D /* SceneDelegate.swift */ = {isa = PBXFileReference; lastKnownFileType = sourcecode.swift; path = SceneDelegate.swift; sourceTree = "<group>"; };
		356B97D129571B6000F0F96D /* ViewController.swift */ = {isa = PBXFileReference; lastKnownFileType = sourcecode.swift; path = ViewController.swift; sourceTree = "<group>"; };
		356B97D429571B6000F0F96D /* Base */ = {isa = PBXFileReference; lastKnownFileType = file.storyboard; name = Base; path = Base.lproj/Main.storyboard; sourceTree = "<group>"; };
		356B97D629571B6200F0F96D /* Assets.xcassets */ = {isa = PBXFileReference; lastKnownFileType = folder.assetcatalog; path = Assets.xcassets; sourceTree = "<group>"; };
		356B97D929571B6200F0F96D /* Base */ = {isa = PBXFileReference; lastKnownFileType = file.storyboard; name = Base; path = Base.lproj/LaunchScreen.storyboard; sourceTree = "<group>"; };
		356B97DB29571B6200F0F96D /* Info.plist */ = {isa = PBXFileReference; lastKnownFileType = text.plist.xml; path = Info.plist; sourceTree = "<group>"; };
		356B97E029571B6300F0F96D /* CarZoneProjectTests.xctest */ = {isa = PBXFileReference; explicitFileType = wrapper.cfbundle; includeInIndex = 0; path = CarZoneProjectTests.xctest; sourceTree = BUILT_PRODUCTS_DIR; };
		356B97E429571B6300F0F96D /* CarZoneProjectTests.swift */ = {isa = PBXFileReference; lastKnownFileType = sourcecode.swift; path = CarZoneProjectTests.swift; sourceTree = "<group>"; };
		356B97EA29571B6300F0F96D /* CarZoneProjectUITests.xctest */ = {isa = PBXFileReference; explicitFileType = wrapper.cfbundle; includeInIndex = 0; path = CarZoneProjectUITests.xctest; sourceTree = BUILT_PRODUCTS_DIR; };
		356B97EE29571B6300F0F96D /* CarZoneProjectUITests.swift */ = {isa = PBXFileReference; lastKnownFileType = sourcecode.swift; path = CarZoneProjectUITests.swift; sourceTree = "<group>"; };
		356B97F029571B6300F0F96D /* CarZoneProjectUITestsLaunchTests.swift */ = {isa = PBXFileReference; lastKnownFileType = sourcecode.swift; path = CarZoneProjectUITestsLaunchTests.swift; sourceTree = "<group>"; };
		35F0141C29572449006DA6D2 /* Home.storyboard */ = {isa = PBXFileReference; lastKnownFileType = file.storyboard; path = Home.storyboard; sourceTree = "<group>"; };
		5FF6241A76FB01D2864C7F46 /* Pods-CarZoneProjectTests.release.xcconfig */ = {isa = PBXFileReference; includeInIndex = 1; lastKnownFileType = text.xcconfig; name = "Pods-CarZoneProjectTests.release.xcconfig"; path = "Target Support Files/Pods-CarZoneProjectTests/Pods-CarZoneProjectTests.release.xcconfig"; sourceTree = "<group>"; };
		884FC561E145E78FB5C9CB61 /* Pods-CarZoneProjectTests.debug.xcconfig */ = {isa = PBXFileReference; includeInIndex = 1; lastKnownFileType = text.xcconfig; name = "Pods-CarZoneProjectTests.debug.xcconfig"; path = "Target Support Files/Pods-CarZoneProjectTests/Pods-CarZoneProjectTests.debug.xcconfig"; sourceTree = "<group>"; };
		9C712A40DDE6224EAC7B2DCA /* Pods-CarZoneProject.debug.xcconfig */ = {isa = PBXFileReference; includeInIndex = 1; lastKnownFileType = text.xcconfig; name = "Pods-CarZoneProject.debug.xcconfig"; path = "Target Support Files/Pods-CarZoneProject/Pods-CarZoneProject.debug.xcconfig"; sourceTree = "<group>"; };
		A9C6473F730192C9A3CF5E92 /* Pods_CarZoneProject_CarZoneProjectUITests.framework */ = {isa = PBXFileReference; explicitFileType = wrapper.framework; includeInIndex = 0; path = Pods_CarZoneProject_CarZoneProjectUITests.framework; sourceTree = BUILT_PRODUCTS_DIR; };
		B8F70B91B0199B63A59B252A /* Pods_CarZoneProjectTests.framework */ = {isa = PBXFileReference; explicitFileType = wrapper.framework; includeInIndex = 0; path = Pods_CarZoneProjectTests.framework; sourceTree = BUILT_PRODUCTS_DIR; };
		BF07DF9690B4E8F52A91F196 /* Pods_CarZoneProject.framework */ = {isa = PBXFileReference; explicitFileType = wrapper.framework; includeInIndex = 0; path = Pods_CarZoneProject.framework; sourceTree = BUILT_PRODUCTS_DIR; };
		C9E032F712970A03B4967D48 /* Pods-CarZoneProject-CarZoneProjectUITests.debug.xcconfig */ = {isa = PBXFileReference; includeInIndex = 1; lastKnownFileType = text.xcconfig; name = "Pods-CarZoneProject-CarZoneProjectUITests.debug.xcconfig"; path = "Target Support Files/Pods-CarZoneProject-CarZoneProjectUITests/Pods-CarZoneProject-CarZoneProjectUITests.debug.xcconfig"; sourceTree = "<group>"; };
		E3E04820CC5AA17D6B4620E9 /* Pods-CarZoneProject-CarZoneProjectUITests.release.xcconfig */ = {isa = PBXFileReference; includeInIndex = 1; lastKnownFileType = text.xcconfig; name = "Pods-CarZoneProject-CarZoneProjectUITests.release.xcconfig"; path = "Target Support Files/Pods-CarZoneProject-CarZoneProjectUITests/Pods-CarZoneProject-CarZoneProjectUITests.release.xcconfig"; sourceTree = "<group>"; };
		E7093C958A8BCE1BD6CBA7EA /* Pods-CarZoneProject.release.xcconfig */ = {isa = PBXFileReference; includeInIndex = 1; lastKnownFileType = text.xcconfig; name = "Pods-CarZoneProject.release.xcconfig"; path = "Target Support Files/Pods-CarZoneProject/Pods-CarZoneProject.release.xcconfig"; sourceTree = "<group>"; };
/* End PBXFileReference section */

/* Begin PBXFrameworksBuildPhase section */
		356B97C729571B6000F0F96D /* Frameworks */ = {
			isa = PBXFrameworksBuildPhase;
			buildActionMask = 2147483647;
			files = (
				42D40694C63F8D9EF7E3FCAF /* Pods_CarZoneProject.framework in Frameworks */,
			);
			runOnlyForDeploymentPostprocessing = 0;
		};
		356B97DD29571B6300F0F96D /* Frameworks */ = {
			isa = PBXFrameworksBuildPhase;
			buildActionMask = 2147483647;
			files = (
				63DE838DC9ED5B3996F6DA90 /* Pods_CarZoneProjectTests.framework in Frameworks */,
			);
			runOnlyForDeploymentPostprocessing = 0;
		};
		356B97E729571B6300F0F96D /* Frameworks */ = {
			isa = PBXFrameworksBuildPhase;
			buildActionMask = 2147483647;
			files = (
				1402742965082AD3ED6355F3 /* Pods_CarZoneProject_CarZoneProjectUITests.framework in Frameworks */,
			);
			runOnlyForDeploymentPostprocessing = 0;
		};
/* End PBXFrameworksBuildPhase section */

/* Begin PBXGroup section */
		350E8609295B1C6F0010B24A /* Supporting Files */ = {
			isa = PBXGroup;
			children = (
				356B97CD29571B6000F0F96D /* AppDelegate.swift */,
				356B97CF29571B6000F0F96D /* SceneDelegate.swift */,
				356B97D829571B6200F0F96D /* LaunchScreen.storyboard */,
				356B97DB29571B6200F0F96D /* Info.plist */,
			);
			name = "Supporting Files";
			sourceTree = "<group>";
		};
		350E860A295B1CF00010B24A /* Modules */ = {
			isa = PBXGroup;
			children = (
				356B97D129571B6000F0F96D /* ViewController.swift */,
				356B97D329571B6000F0F96D /* Main.storyboard */,
				35F0141C29572449006DA6D2 /* Home.storyboard */,
				350E8607295B14430010B24A /* OnBording.storyboard */,
			);
			path = Modules;
			sourceTree = "<group>";
		};
		350E860B295B1D240010B24A /* Assets */ = {
			isa = PBXGroup;
			children = (
				356B97D629571B6200F0F96D /* Assets.xcassets */,
				350E860C295B27E80010B24A /* Tire.json */,
			);
			path = Assets;
			sourceTree = "<group>";
		};
		356B97C129571B6000F0F96D = {
			isa = PBXGroup;
			children = (
				356B97CC29571B6000F0F96D /* CarZoneProject */,
				356B97E329571B6300F0F96D /* CarZoneProjectTests */,
				356B97ED29571B6300F0F96D /* CarZoneProjectUITests */,
				356B97CB29571B6000F0F96D /* Products */,
				628170E0EB970B18300CC82D /* Pods */,
				5C74460DAFA0048BF6414F3B /* Frameworks */,
			);
			sourceTree = "<group>";
		};
		356B97CB29571B6000F0F96D /* Products */ = {
			isa = PBXGroup;
			children = (
				356B97CA29571B6000F0F96D /* CarZoneProject.app */,
				356B97E029571B6300F0F96D /* CarZoneProjectTests.xctest */,
				356B97EA29571B6300F0F96D /* CarZoneProjectUITests.xctest */,
			);
			name = Products;
			sourceTree = "<group>";
		};
		356B97CC29571B6000F0F96D /* CarZoneProject */ = {
			isa = PBXGroup;
			children = (
				350E860A295B1CF00010B24A /* Modules */,
				350E860B295B1D240010B24A /* Assets */,
				350E8609295B1C6F0010B24A /* Supporting Files */,
			);
			path = CarZoneProject;
			sourceTree = "<group>";
		};
		356B97E329571B6300F0F96D /* CarZoneProjectTests */ = {
			isa = PBXGroup;
			children = (
				356B97E429571B6300F0F96D /* CarZoneProjectTests.swift */,
			);
			path = CarZoneProjectTests;
			sourceTree = "<group>";
		};
		356B97ED29571B6300F0F96D /* CarZoneProjectUITests */ = {
			isa = PBXGroup;
			children = (
				356B97EE29571B6300F0F96D /* CarZoneProjectUITests.swift */,
				356B97F029571B6300F0F96D /* CarZoneProjectUITestsLaunchTests.swift */,
			);
			path = CarZoneProjectUITests;
			sourceTree = "<group>";
		};
		5C74460DAFA0048BF6414F3B /* Frameworks */ = {
			isa = PBXGroup;
			children = (
				BF07DF9690B4E8F52A91F196 /* Pods_CarZoneProject.framework */,
				A9C6473F730192C9A3CF5E92 /* Pods_CarZoneProject_CarZoneProjectUITests.framework */,
				B8F70B91B0199B63A59B252A /* Pods_CarZoneProjectTests.framework */,
			);
			name = Frameworks;
			sourceTree = "<group>";
		};
		628170E0EB970B18300CC82D /* Pods */ = {
			isa = PBXGroup;
			children = (
				9C712A40DDE6224EAC7B2DCA /* Pods-CarZoneProject.debug.xcconfig */,
				E7093C958A8BCE1BD6CBA7EA /* Pods-CarZoneProject.release.xcconfig */,
				C9E032F712970A03B4967D48 /* Pods-CarZoneProject-CarZoneProjectUITests.debug.xcconfig */,
				E3E04820CC5AA17D6B4620E9 /* Pods-CarZoneProject-CarZoneProjectUITests.release.xcconfig */,
				884FC561E145E78FB5C9CB61 /* Pods-CarZoneProjectTests.debug.xcconfig */,
				5FF6241A76FB01D2864C7F46 /* Pods-CarZoneProjectTests.release.xcconfig */,
			);
			path = Pods;
			sourceTree = "<group>";
		};
/* End PBXGroup section */

/* Begin PBXNativeTarget section */
		356B97C929571B6000F0F96D /* CarZoneProject */ = {
			isa = PBXNativeTarget;
			buildConfigurationList = 356B97F429571B6300F0F96D /* Build configuration list for PBXNativeTarget "CarZoneProject" */;
			buildPhases = (
				3C33F1EB28E8027CEF42E791 /* [CP] Check Pods Manifest.lock */,
				356B97C629571B6000F0F96D /* Sources */,
				356B97C729571B6000F0F96D /* Frameworks */,
				356B97C829571B6000F0F96D /* Resources */,
				2031A1BD1F26A06DBBB054EA /* [CP] Embed Pods Frameworks */,
			);
			buildRules = (
			);
			dependencies = (
			);
			name = CarZoneProject;
			productName = CarZoneProject;
			productReference = 356B97CA29571B6000F0F96D /* CarZoneProject.app */;
			productType = "com.apple.product-type.application";
		};
		356B97DF29571B6300F0F96D /* CarZoneProjectTests */ = {
			isa = PBXNativeTarget;
			buildConfigurationList = 356B97F729571B6300F0F96D /* Build configuration list for PBXNativeTarget "CarZoneProjectTests" */;
			buildPhases = (
				29C8AC13AD899C79054E1A17 /* [CP] Check Pods Manifest.lock */,
				356B97DC29571B6300F0F96D /* Sources */,
				356B97DD29571B6300F0F96D /* Frameworks */,
				356B97DE29571B6300F0F96D /* Resources */,
			);
			buildRules = (
			);
			dependencies = (
				356B97E229571B6300F0F96D /* PBXTargetDependency */,
			);
			name = CarZoneProjectTests;
			productName = CarZoneProjectTests;
			productReference = 356B97E029571B6300F0F96D /* CarZoneProjectTests.xctest */;
			productType = "com.apple.product-type.bundle.unit-test";
		};
		356B97E929571B6300F0F96D /* CarZoneProjectUITests */ = {
			isa = PBXNativeTarget;
			buildConfigurationList = 356B97FA29571B6300F0F96D /* Build configuration list for PBXNativeTarget "CarZoneProjectUITests" */;
			buildPhases = (
				04AC81FC2E76E1CC1A36A43D /* [CP] Check Pods Manifest.lock */,
				356B97E629571B6300F0F96D /* Sources */,
				356B97E729571B6300F0F96D /* Frameworks */,
				356B97E829571B6300F0F96D /* Resources */,
				2DBAFDBAF7EEDBC2AE2CE2B4 /* [CP] Embed Pods Frameworks */,
			);
			buildRules = (
			);
			dependencies = (
				356B97EC29571B6300F0F96D /* PBXTargetDependency */,
			);
			name = CarZoneProjectUITests;
			productName = CarZoneProjectUITests;
			productReference = 356B97EA29571B6300F0F96D /* CarZoneProjectUITests.xctest */;
			productType = "com.apple.product-type.bundle.ui-testing";
		};
/* End PBXNativeTarget section */

/* Begin PBXProject section */
		356B97C229571B6000F0F96D /* Project object */ = {
			isa = PBXProject;
			attributes = {
				BuildIndependentTargetsInParallel = 1;
				LastSwiftUpdateCheck = 1410;
				LastUpgradeCheck = 1410;
				TargetAttributes = {
					356B97C929571B6000F0F96D = {
						CreatedOnToolsVersion = 14.1;
					};
					356B97DF29571B6300F0F96D = {
						CreatedOnToolsVersion = 14.1;
						TestTargetID = 356B97C929571B6000F0F96D;
					};
					356B97E929571B6300F0F96D = {
						CreatedOnToolsVersion = 14.1;
						TestTargetID = 356B97C929571B6000F0F96D;
					};
				};
			};
			buildConfigurationList = 356B97C529571B6000F0F96D /* Build configuration list for PBXProject "CarZoneProject" */;
			compatibilityVersion = "Xcode 14.0";
			developmentRegion = en;
			hasScannedForEncodings = 0;
			knownRegions = (
				en,
				Base,
			);
			mainGroup = 356B97C129571B6000F0F96D;
			productRefGroup = 356B97CB29571B6000F0F96D /* Products */;
			projectDirPath = "";
			projectRoot = "";
			targets = (
				356B97C929571B6000F0F96D /* CarZoneProject */,
				356B97DF29571B6300F0F96D /* CarZoneProjectTests */,
				356B97E929571B6300F0F96D /* CarZoneProjectUITests */,
			);
		};
/* End PBXProject section */

/* Begin PBXResourcesBuildPhase section */
		356B97C829571B6000F0F96D /* Resources */ = {
			isa = PBXResourcesBuildPhase;
			buildActionMask = 2147483647;
			files = (
				356B97DA29571B6200F0F96D /* LaunchScreen.storyboard in Resources */,
				35F0141D29572449006DA6D2 /* Home.storyboard in Resources */,
				356B97D729571B6200F0F96D /* Assets.xcassets in Resources */,
				350E860D295B27E80010B24A /* Tire.json in Resources */,
				350E8608295B14430010B24A /* OnBording.storyboard in Resources */,
				356B97D529571B6000F0F96D /* Main.storyboard in Resources */,
			);
			runOnlyForDeploymentPostprocessing = 0;
		};
		356B97DE29571B6300F0F96D /* Resources */ = {
			isa = PBXResourcesBuildPhase;
			buildActionMask = 2147483647;
			files = (
			);
			runOnlyForDeploymentPostprocessing = 0;
		};
		356B97E829571B6300F0F96D /* Resources */ = {
			isa = PBXResourcesBuildPhase;
			buildActionMask = 2147483647;
			files = (
			);
			runOnlyForDeploymentPostprocessing = 0;
		};
/* End PBXResourcesBuildPhase section */

/* Begin PBXShellScriptBuildPhase section */
		04AC81FC2E76E1CC1A36A43D /* [CP] Check Pods Manifest.lock */ = {
			isa = PBXShellScriptBuildPhase;
			buildActionMask = 2147483647;
			files = (
			);
			inputFileListPaths = (
			);
			inputPaths = (
				"${PODS_PODFILE_DIR_PATH}/Podfile.lock",
				"${PODS_ROOT}/Manifest.lock",
			);
			name = "[CP] Check Pods Manifest.lock";
			outputFileListPaths = (
			);
			outputPaths = (
				"$(DERIVED_FILE_DIR)/Pods-CarZoneProject-CarZoneProjectUITests-checkManifestLockResult.txt",
			);
			runOnlyForDeploymentPostprocessing = 0;
			shellPath = /bin/sh;
			shellScript = "diff \"${PODS_PODFILE_DIR_PATH}/Podfile.lock\" \"${PODS_ROOT}/Manifest.lock\" > /dev/null\nif [ $? != 0 ] ; then\n    # print error to STDERR\n    echo \"error: The sandbox is not in sync with the Podfile.lock. Run 'pod install' or update your CocoaPods installation.\" >&2\n    exit 1\nfi\n# This output is used by Xcode 'outputs' to avoid re-running this script phase.\necho \"SUCCESS\" > \"${SCRIPT_OUTPUT_FILE_0}\"\n";
			showEnvVarsInLog = 0;
		};
		2031A1BD1F26A06DBBB054EA /* [CP] Embed Pods Frameworks */ = {
			isa = PBXShellScriptBuildPhase;
			buildActionMask = 2147483647;
			files = (
			);
			inputFileListPaths = (
				"${PODS_ROOT}/Target Support Files/Pods-CarZoneProject/Pods-CarZoneProject-frameworks-${CONFIGURATION}-input-files.xcfilelist",
			);
			name = "[CP] Embed Pods Frameworks";
			outputFileListPaths = (
				"${PODS_ROOT}/Target Support Files/Pods-CarZoneProject/Pods-CarZoneProject-frameworks-${CONFIGURATION}-output-files.xcfilelist",
			);
			runOnlyForDeploymentPostprocessing = 0;
			shellPath = /bin/sh;
			shellScript = "\"${PODS_ROOT}/Target Support Files/Pods-CarZoneProject/Pods-CarZoneProject-frameworks.sh\"\n";
			showEnvVarsInLog = 0;
		};
		29C8AC13AD899C79054E1A17 /* [CP] Check Pods Manifest.lock */ = {
			isa = PBXShellScriptBuildPhase;
			buildActionMask = 2147483647;
			files = (
			);
			inputFileListPaths = (
			);
			inputPaths = (
				"${PODS_PODFILE_DIR_PATH}/Podfile.lock",
				"${PODS_ROOT}/Manifest.lock",
			);
			name = "[CP] Check Pods Manifest.lock";
			outputFileListPaths = (
			);
			outputPaths = (
				"$(DERIVED_FILE_DIR)/Pods-CarZoneProjectTests-checkManifestLockResult.txt",
			);
			runOnlyForDeploymentPostprocessing = 0;
			shellPath = /bin/sh;
			shellScript = "diff \"${PODS_PODFILE_DIR_PATH}/Podfile.lock\" \"${PODS_ROOT}/Manifest.lock\" > /dev/null\nif [ $? != 0 ] ; then\n    # print error to STDERR\n    echo \"error: The sandbox is not in sync with the Podfile.lock. Run 'pod install' or update your CocoaPods installation.\" >&2\n    exit 1\nfi\n# This output is used by Xcode 'outputs' to avoid re-running this script phase.\necho \"SUCCESS\" > \"${SCRIPT_OUTPUT_FILE_0}\"\n";
			showEnvVarsInLog = 0;
		};
		2DBAFDBAF7EEDBC2AE2CE2B4 /* [CP] Embed Pods Frameworks */ = {
			isa = PBXShellScriptBuildPhase;
			buildActionMask = 2147483647;
			files = (
			);
			inputFileListPaths = (
				"${PODS_ROOT}/Target Support Files/Pods-CarZoneProject-CarZoneProjectUITests/Pods-CarZoneProject-CarZoneProjectUITests-frameworks-${CONFIGURATION}-input-files.xcfilelist",
			);
			name = "[CP] Embed Pods Frameworks";
			outputFileListPaths = (
				"${PODS_ROOT}/Target Support Files/Pods-CarZoneProject-CarZoneProjectUITests/Pods-CarZoneProject-CarZoneProjectUITests-frameworks-${CONFIGURATION}-output-files.xcfilelist",
			);
			runOnlyForDeploymentPostprocessing = 0;
			shellPath = /bin/sh;
			shellScript = "\"${PODS_ROOT}/Target Support Files/Pods-CarZoneProject-CarZoneProjectUITests/Pods-CarZoneProject-CarZoneProjectUITests-frameworks.sh\"\n";
			showEnvVarsInLog = 0;
		};
		3C33F1EB28E8027CEF42E791 /* [CP] Check Pods Manifest.lock */ = {
			isa = PBXShellScriptBuildPhase;
			buildActionMask = 2147483647;
			files = (
			);
			inputFileListPaths = (
			);
			inputPaths = (
				"${PODS_PODFILE_DIR_PATH}/Podfile.lock",
				"${PODS_ROOT}/Manifest.lock",
			);
			name = "[CP] Check Pods Manifest.lock";
			outputFileListPaths = (
			);
			outputPaths = (
				"$(DERIVED_FILE_DIR)/Pods-CarZoneProject-checkManifestLockResult.txt",
			);
			runOnlyForDeploymentPostprocessing = 0;
			shellPath = /bin/sh;
			shellScript = "diff \"${PODS_PODFILE_DIR_PATH}/Podfile.lock\" \"${PODS_ROOT}/Manifest.lock\" > /dev/null\nif [ $? != 0 ] ; then\n    # print error to STDERR\n    echo \"error: The sandbox is not in sync with the Podfile.lock. Run 'pod install' or update your CocoaPods installation.\" >&2\n    exit 1\nfi\n# This output is used by Xcode 'outputs' to avoid re-running this script phase.\necho \"SUCCESS\" > \"${SCRIPT_OUTPUT_FILE_0}\"\n";
			showEnvVarsInLog = 0;
		};
/* End PBXShellScriptBuildPhase section */

/* Begin PBXSourcesBuildPhase section */
		356B97C629571B6000F0F96D /* Sources */ = {
			isa = PBXSourcesBuildPhase;
			buildActionMask = 2147483647;
			files = (
				356B97D229571B6000F0F96D /* ViewController.swift in Sources */,
				356B97CE29571B6000F0F96D /* AppDelegate.swift in Sources */,
				356B97D029571B6000F0F96D /* SceneDelegate.swift in Sources */,
			);
			runOnlyForDeploymentPostprocessing = 0;
		};
		356B97DC29571B6300F0F96D /* Sources */ = {
			isa = PBXSourcesBuildPhase;
			buildActionMask = 2147483647;
			files = (
				356B97E529571B6300F0F96D /* CarZoneProjectTests.swift in Sources */,
			);
			runOnlyForDeploymentPostprocessing = 0;
		};
		356B97E629571B6300F0F96D /* Sources */ = {
			isa = PBXSourcesBuildPhase;
			buildActionMask = 2147483647;
			files = (
				356B97EF29571B6300F0F96D /* CarZoneProjectUITests.swift in Sources */,
				356B97F129571B6300F0F96D /* CarZoneProjectUITestsLaunchTests.swift in Sources */,
			);
			runOnlyForDeploymentPostprocessing = 0;
		};
/* End PBXSourcesBuildPhase section */

/* Begin PBXTargetDependency section */
		356B97E229571B6300F0F96D /* PBXTargetDependency */ = {
			isa = PBXTargetDependency;
			target = 356B97C929571B6000F0F96D /* CarZoneProject */;
			targetProxy = 356B97E129571B6300F0F96D /* PBXContainerItemProxy */;
		};
		356B97EC29571B6300F0F96D /* PBXTargetDependency */ = {
			isa = PBXTargetDependency;
			target = 356B97C929571B6000F0F96D /* CarZoneProject */;
			targetProxy = 356B97EB29571B6300F0F96D /* PBXContainerItemProxy */;
		};
/* End PBXTargetDependency section */

/* Begin PBXVariantGroup section */
		356B97D329571B6000F0F96D /* Main.storyboard */ = {
			isa = PBXVariantGroup;
			children = (
				356B97D429571B6000F0F96D /* Base */,
			);
			name = Main.storyboard;
			sourceTree = "<group>";
		};
		356B97D829571B6200F0F96D /* LaunchScreen.storyboard */ = {
			isa = PBXVariantGroup;
			children = (
				356B97D929571B6200F0F96D /* Base */,
			);
			name = LaunchScreen.storyboard;
			sourceTree = "<group>";
		};
/* End PBXVariantGroup section */

/* Begin XCBuildConfiguration section */
		356B97F229571B6300F0F96D /* Debug */ = {
			isa = XCBuildConfiguration;
			buildSettings = {
				ALWAYS_SEARCH_USER_PATHS = NO;
				CLANG_ANALYZER_NONNULL = YES;
				CLANG_ANALYZER_NUMBER_OBJECT_CONVERSION = YES_AGGRESSIVE;
				CLANG_CXX_LANGUAGE_STANDARD = "gnu++20";
				CLANG_ENABLE_MODULES = YES;
				CLANG_ENABLE_OBJC_ARC = YES;
				CLANG_ENABLE_OBJC_WEAK = YES;
				CLANG_WARN_BLOCK_CAPTURE_AUTORELEASING = YES;
				CLANG_WARN_BOOL_CONVERSION = YES;
				CLANG_WARN_COMMA = YES;
				CLANG_WARN_CONSTANT_CONVERSION = YES;
				CLANG_WARN_DEPRECATED_OBJC_IMPLEMENTATIONS = YES;
				CLANG_WARN_DIRECT_OBJC_ISA_USAGE = YES_ERROR;
				CLANG_WARN_DOCUMENTATION_COMMENTS = YES;
				CLANG_WARN_EMPTY_BODY = YES;
				CLANG_WARN_ENUM_CONVERSION = YES;
				CLANG_WARN_INFINITE_RECURSION = YES;
				CLANG_WARN_INT_CONVERSION = YES;
				CLANG_WARN_NON_LITERAL_NULL_CONVERSION = YES;
				CLANG_WARN_OBJC_IMPLICIT_RETAIN_SELF = YES;
				CLANG_WARN_OBJC_LITERAL_CONVERSION = YES;
				CLANG_WARN_OBJC_ROOT_CLASS = YES_ERROR;
				CLANG_WARN_QUOTED_INCLUDE_IN_FRAMEWORK_HEADER = YES;
				CLANG_WARN_RANGE_LOOP_ANALYSIS = YES;
				CLANG_WARN_STRICT_PROTOTYPES = YES;
				CLANG_WARN_SUSPICIOUS_MOVE = YES;
				CLANG_WARN_UNGUARDED_AVAILABILITY = YES_AGGRESSIVE;
				CLANG_WARN_UNREACHABLE_CODE = YES;
				CLANG_WARN__DUPLICATE_METHOD_MATCH = YES;
				COPY_PHASE_STRIP = NO;
				DEBUG_INFORMATION_FORMAT = dwarf;
				ENABLE_STRICT_OBJC_MSGSEND = YES;
				ENABLE_TESTABILITY = YES;
				GCC_C_LANGUAGE_STANDARD = gnu11;
				GCC_DYNAMIC_NO_PIC = NO;
				GCC_NO_COMMON_BLOCKS = YES;
				GCC_OPTIMIZATION_LEVEL = 0;
				GCC_PREPROCESSOR_DEFINITIONS = (
					"DEBUG=1",
					"$(inherited)",
				);
				GCC_WARN_64_TO_32_BIT_CONVERSION = YES;
				GCC_WARN_ABOUT_RETURN_TYPE = YES_ERROR;
				GCC_WARN_UNDECLARED_SELECTOR = YES;
				GCC_WARN_UNINITIALIZED_AUTOS = YES_AGGRESSIVE;
				GCC_WARN_UNUSED_FUNCTION = YES;
				GCC_WARN_UNUSED_VARIABLE = YES;
				IPHONEOS_DEPLOYMENT_TARGET = 16.1;
				MTL_ENABLE_DEBUG_INFO = INCLUDE_SOURCE;
				MTL_FAST_MATH = YES;
				ONLY_ACTIVE_ARCH = YES;
				SDKROOT = iphoneos;
				SWIFT_ACTIVE_COMPILATION_CONDITIONS = DEBUG;
				SWIFT_OPTIMIZATION_LEVEL = "-Onone";
			};
			name = Debug;
		};
		356B97F329571B6300F0F96D /* Release */ = {
			isa = XCBuildConfiguration;
			buildSettings = {
				ALWAYS_SEARCH_USER_PATHS = NO;
				CLANG_ANALYZER_NONNULL = YES;
				CLANG_ANALYZER_NUMBER_OBJECT_CONVERSION = YES_AGGRESSIVE;
				CLANG_CXX_LANGUAGE_STANDARD = "gnu++20";
				CLANG_ENABLE_MODULES = YES;
				CLANG_ENABLE_OBJC_ARC = YES;
				CLANG_ENABLE_OBJC_WEAK = YES;
				CLANG_WARN_BLOCK_CAPTURE_AUTORELEASING = YES;
				CLANG_WARN_BOOL_CONVERSION = YES;
				CLANG_WARN_COMMA = YES;
				CLANG_WARN_CONSTANT_CONVERSION = YES;
				CLANG_WARN_DEPRECATED_OBJC_IMPLEMENTATIONS = YES;
				CLANG_WARN_DIRECT_OBJC_ISA_USAGE = YES_ERROR;
				CLANG_WARN_DOCUMENTATION_COMMENTS = YES;
				CLANG_WARN_EMPTY_BODY = YES;
				CLANG_WARN_ENUM_CONVERSION = YES;
				CLANG_WARN_INFINITE_RECURSION = YES;
				CLANG_WARN_INT_CONVERSION = YES;
				CLANG_WARN_NON_LITERAL_NULL_CONVERSION = YES;
				CLANG_WARN_OBJC_IMPLICIT_RETAIN_SELF = YES;
				CLANG_WARN_OBJC_LITERAL_CONVERSION = YES;
				CLANG_WARN_OBJC_ROOT_CLASS = YES_ERROR;
				CLANG_WARN_QUOTED_INCLUDE_IN_FRAMEWORK_HEADER = YES;
				CLANG_WARN_RANGE_LOOP_ANALYSIS = YES;
				CLANG_WARN_STRICT_PROTOTYPES = YES;
				CLANG_WARN_SUSPICIOUS_MOVE = YES;
				CLANG_WARN_UNGUARDED_AVAILABILITY = YES_AGGRESSIVE;
				CLANG_WARN_UNREACHABLE_CODE = YES;
				CLANG_WARN__DUPLICATE_METHOD_MATCH = YES;
				COPY_PHASE_STRIP = NO;
				DEBUG_INFORMATION_FORMAT = "dwarf-with-dsym";
				ENABLE_NS_ASSERTIONS = NO;
				ENABLE_STRICT_OBJC_MSGSEND = YES;
				GCC_C_LANGUAGE_STANDARD = gnu11;
				GCC_NO_COMMON_BLOCKS = YES;
				GCC_WARN_64_TO_32_BIT_CONVERSION = YES;
				GCC_WARN_ABOUT_RETURN_TYPE = YES_ERROR;
				GCC_WARN_UNDECLARED_SELECTOR = YES;
				GCC_WARN_UNINITIALIZED_AUTOS = YES_AGGRESSIVE;
				GCC_WARN_UNUSED_FUNCTION = YES;
				GCC_WARN_UNUSED_VARIABLE = YES;
				IPHONEOS_DEPLOYMENT_TARGET = 16.1;
				MTL_ENABLE_DEBUG_INFO = NO;
				MTL_FAST_MATH = YES;
				SDKROOT = iphoneos;
				SWIFT_COMPILATION_MODE = wholemodule;
				SWIFT_OPTIMIZATION_LEVEL = "-O";
				VALIDATE_PRODUCT = YES;
			};
			name = Release;
		};
		356B97F529571B6300F0F96D /* Debug */ = {
			isa = XCBuildConfiguration;
			baseConfigurationReference = 9C712A40DDE6224EAC7B2DCA /* Pods-CarZoneProject.debug.xcconfig */;
			buildSettings = {
				ASSETCATALOG_COMPILER_APPICON_NAME = AppIcon;
				ASSETCATALOG_COMPILER_GLOBAL_ACCENT_COLOR_NAME = AccentColor;
				CODE_SIGN_STYLE = Automatic;
				CURRENT_PROJECT_VERSION = 1;
				GENERATE_INFOPLIST_FILE = YES;
				INFOPLIST_FILE = CarZoneProject/Info.plist;
				INFOPLIST_KEY_UIApplicationSupportsIndirectInputEvents = YES;
				INFOPLIST_KEY_UILaunchStoryboardName = OnBording.storyboard;
				INFOPLIST_KEY_UIMainStoryboardFile = Main;
				INFOPLIST_KEY_UISupportedInterfaceOrientations_iPad = "UIInterfaceOrientationPortrait UIInterfaceOrientationPortraitUpsideDown UIInterfaceOrientationLandscapeLeft UIInterfaceOrientationLandscapeRight";
				INFOPLIST_KEY_UISupportedInterfaceOrientations_iPhone = "UIInterfaceOrientationPortrait UIInterfaceOrientationLandscapeLeft UIInterfaceOrientationLandscapeRight";
				LD_RUNPATH_SEARCH_PATHS = (
					"$(inherited)",
					"@executable_path/Frameworks",
				);
				MARKETING_VERSION = 1.0;
				PRODUCT_BUNDLE_IDENTIFIER = com.moath.CarZoneProject;
				PRODUCT_NAME = "$(TARGET_NAME)";
				SWIFT_EMIT_LOC_STRINGS = YES;
				SWIFT_VERSION = 5.0;
				TARGETED_DEVICE_FAMILY = "1,2";
			};
			name = Debug;
		};
		356B97F629571B6300F0F96D /* Release */ = {
			isa = XCBuildConfiguration;
			baseConfigurationReference = E7093C958A8BCE1BD6CBA7EA /* Pods-CarZoneProject.release.xcconfig */;
			buildSettings = {
				ASSETCATALOG_COMPILER_APPICON_NAME = AppIcon;
				ASSETCATALOG_COMPILER_GLOBAL_ACCENT_COLOR_NAME = AccentColor;
				CODE_SIGN_STYLE = Automatic;
				CURRENT_PROJECT_VERSION = 1;
				GENERATE_INFOPLIST_FILE = YES;
				INFOPLIST_FILE = CarZoneProject/Info.plist;
				INFOPLIST_KEY_UIApplicationSupportsIndirectInputEvents = YES;
				INFOPLIST_KEY_UILaunchStoryboardName = OnBording.storyboard;
				INFOPLIST_KEY_UIMainStoryboardFile = Main;
				INFOPLIST_KEY_UISupportedInterfaceOrientations_iPad = "UIInterfaceOrientationPortrait UIInterfaceOrientationPortraitUpsideDown UIInterfaceOrientationLandscapeLeft UIInterfaceOrientationLandscapeRight";
				INFOPLIST_KEY_UISupportedInterfaceOrientations_iPhone = "UIInterfaceOrientationPortrait UIInterfaceOrientationLandscapeLeft UIInterfaceOrientationLandscapeRight";
				LD_RUNPATH_SEARCH_PATHS = (
					"$(inherited)",
					"@executable_path/Frameworks",
				);
				MARKETING_VERSION = 1.0;
				PRODUCT_BUNDLE_IDENTIFIER = com.moath.CarZoneProject;
				PRODUCT_NAME = "$(TARGET_NAME)";
				SWIFT_EMIT_LOC_STRINGS = YES;
				SWIFT_VERSION = 5.0;
				TARGETED_DEVICE_FAMILY = "1,2";
			};
			name = Release;
		};
		356B97F829571B6300F0F96D /* Debug */ = {
			isa = XCBuildConfiguration;
			baseConfigurationReference = 884FC561E145E78FB5C9CB61 /* Pods-CarZoneProjectTests.debug.xcconfig */;
			buildSettings = {
				ALWAYS_EMBED_SWIFT_STANDARD_LIBRARIES = YES;
				BUNDLE_LOADER = "$(TEST_HOST)";
				CODE_SIGN_STYLE = Automatic;
				CURRENT_PROJECT_VERSION = 1;
				GENERATE_INFOPLIST_FILE = YES;
				IPHONEOS_DEPLOYMENT_TARGET = 16.1;
				MARKETING_VERSION = 1.0;
				PRODUCT_BUNDLE_IDENTIFIER = com.moath.CarZoneProjectTests;
				PRODUCT_NAME = "$(TARGET_NAME)";
				SWIFT_EMIT_LOC_STRINGS = NO;
				SWIFT_VERSION = 5.0;
				TARGETED_DEVICE_FAMILY = "1,2";
				TEST_HOST = "$(BUILT_PRODUCTS_DIR)/CarZoneProject.app/$(BUNDLE_EXECUTABLE_FOLDER_PATH)/CarZoneProject";
			};
			name = Debug;
		};
		356B97F929571B6300F0F96D /* Release */ = {
			isa = XCBuildConfiguration;
			baseConfigurationReference = 5FF6241A76FB01D2864C7F46 /* Pods-CarZoneProjectTests.release.xcconfig */;
			buildSettings = {
				ALWAYS_EMBED_SWIFT_STANDARD_LIBRARIES = YES;
				BUNDLE_LOADER = "$(TEST_HOST)";
				CODE_SIGN_STYLE = Automatic;
				CURRENT_PROJECT_VERSION = 1;
				GENERATE_INFOPLIST_FILE = YES;
				IPHONEOS_DEPLOYMENT_TARGET = 16.1;
				MARKETING_VERSION = 1.0;
				PRODUCT_BUNDLE_IDENTIFIER = com.moath.CarZoneProjectTests;
				PRODUCT_NAME = "$(TARGET_NAME)";
				SWIFT_EMIT_LOC_STRINGS = NO;
				SWIFT_VERSION = 5.0;
				TARGETED_DEVICE_FAMILY = "1,2";
				TEST_HOST = "$(BUILT_PRODUCTS_DIR)/CarZoneProject.app/$(BUNDLE_EXECUTABLE_FOLDER_PATH)/CarZoneProject";
			};
			name = Release;
		};
		356B97FB29571B6300F0F96D /* Debug */ = {
			isa = XCBuildConfiguration;
			baseConfigurationReference = C9E032F712970A03B4967D48 /* Pods-CarZoneProject-CarZoneProjectUITests.debug.xcconfig */;
			buildSettings = {
				ALWAYS_EMBED_SWIFT_STANDARD_LIBRARIES = YES;
				CODE_SIGN_STYLE = Automatic;
				CURRENT_PROJECT_VERSION = 1;
				GENERATE_INFOPLIST_FILE = YES;
				MARKETING_VERSION = 1.0;
				PRODUCT_BUNDLE_IDENTIFIER = com.moath.CarZoneProjectUITests;
				PRODUCT_NAME = "$(TARGET_NAME)";
				SWIFT_EMIT_LOC_STRINGS = NO;
				SWIFT_VERSION = 5.0;
				TARGETED_DEVICE_FAMILY = "1,2";
				TEST_TARGET_NAME = CarZoneProject;
			};
			name = Debug;
		};
		356B97FC29571B6300F0F96D /* Release */ = {
			isa = XCBuildConfiguration;
			baseConfigurationReference = E3E04820CC5AA17D6B4620E9 /* Pods-CarZoneProject-CarZoneProjectUITests.release.xcconfig */;
			buildSettings = {
				ALWAYS_EMBED_SWIFT_STANDARD_LIBRARIES = YES;
				CODE_SIGN_STYLE = Automatic;
				CURRENT_PROJECT_VERSION = 1;
				GENERATE_INFOPLIST_FILE = YES;
				MARKETING_VERSION = 1.0;
				PRODUCT_BUNDLE_IDENTIFIER = com.moath.CarZoneProjectUITests;
				PRODUCT_NAME = "$(TARGET_NAME)";
				SWIFT_EMIT_LOC_STRINGS = NO;
				SWIFT_VERSION = 5.0;
				TARGETED_DEVICE_FAMILY = "1,2";
				TEST_TARGET_NAME = CarZoneProject;
			};
			name = Release;
		};
/* End XCBuildConfiguration section */

/* Begin XCConfigurationList section */
		356B97C529571B6000F0F96D /* Build configuration list for PBXProject "CarZoneProject" */ = {
			isa = XCConfigurationList;
			buildConfigurations = (
				356B97F229571B6300F0F96D /* Debug */,
				356B97F329571B6300F0F96D /* Release */,
			);
			defaultConfigurationIsVisible = 0;
			defaultConfigurationName = Release;
		};
		356B97F429571B6300F0F96D /* Build configuration list for PBXNativeTarget "CarZoneProject" */ = {
			isa = XCConfigurationList;
			buildConfigurations = (
				356B97F529571B6300F0F96D /* Debug */,
				356B97F629571B6300F0F96D /* Release */,
			);
			defaultConfigurationIsVisible = 0;
			defaultConfigurationName = Release;
		};
		356B97F729571B6300F0F96D /* Build configuration list for PBXNativeTarget "CarZoneProjectTests" */ = {
			isa = XCConfigurationList;
			buildConfigurations = (
				356B97F829571B6300F0F96D /* Debug */,
				356B97F929571B6300F0F96D /* Release */,
			);
			defaultConfigurationIsVisible = 0;
			defaultConfigurationName = Release;
		};
		356B97FA29571B6300F0F96D /* Build configuration list for PBXNativeTarget "CarZoneProjectUITests" */ = {
			isa = XCConfigurationList;
			buildConfigurations = (
				356B97FB29571B6300F0F96D /* Debug */,
				356B97FC29571B6300F0F96D /* Release */,
			);
			defaultConfigurationIsVisible = 0;
			defaultConfigurationName = Release;
		};
/* End XCConfigurationList section */
	};
	rootObject = 356B97C229571B6000F0F96D /* Project object */;
}
